// !$*UTF8*$!
{
	archiveVersion = 1;
	classes = {
	};
	objectVersion = 56;
	objects = {

/* Begin PBXBuildFile section */
		782359B22BA9A591003A9E5E /* ItemsContainer .swift in Sources */ = {isa = PBXBuildFile; fileRef = 782359B12BA9A591003A9E5E /* ItemsContainer .swift */; };
		782359B82BA9A62D003A9E5E /* Default_Categories in Sources */ = {isa = PBXBuildFile; fileRef = 782359B72BA9A62D003A9E5E /* Default_Categories */; };
		782359BA2BA9A6D1003A9E5E /* DefaultsJSON.swift in Sources */ = {isa = PBXBuildFile; fileRef = 782359B92BA9A6D1003A9E5E /* DefaultsJSON.swift */; };
		783BAD912BA8AF9E00A55CC8 /* NewAlarmView.swift in Sources */ = {isa = PBXBuildFile; fileRef = 783BAD902BA8AF9E00A55CC8 /* NewAlarmView.swift */; };
		783BAD932BA8B59600A55CC8 /* SoundsView.swift in Sources */ = {isa = PBXBuildFile; fileRef = 783BAD922BA8B59600A55CC8 /* SoundsView.swift */; };
		783BAD952BA8BC8000A55CC8 /* WeatherRow.swift in Sources */ = {isa = PBXBuildFile; fileRef = 783BAD942BA8BC8000A55CC8 /* WeatherRow.swift */; };
		785EE3522B9E23AE00C35D7E /* LocationModel.swift in Sources */ = {isa = PBXBuildFile; fileRef = 785EE3512B9E23AE00C35D7E /* LocationModel.swift */; };
		785EE3552B9E2FE500C35D7E /* Location.swift in Sources */ = {isa = PBXBuildFile; fileRef = 785EE3542B9E2FE500C35D7E /* Location.swift */; };
		788D15282B15DF69008EE3E0 /* Location_AppApp.swift in Sources */ = {isa = PBXBuildFile; fileRef = 788D15272B15DF69008EE3E0 /* Location_AppApp.swift */; };
		788D152A2B15DF69008EE3E0 /* ContentView.swift in Sources */ = {isa = PBXBuildFile; fileRef = 788D15292B15DF69008EE3E0 /* ContentView.swift */; };
		788D152C2B15DF6A008EE3E0 /* Assets.xcassets in Resources */ = {isa = PBXBuildFile; fileRef = 788D152B2B15DF6A008EE3E0 /* Assets.xcassets */; };
		788D15302B15DF6A008EE3E0 /* Preview Assets.xcassets in Resources */ = {isa = PBXBuildFile; fileRef = 788D152F2B15DF6A008EE3E0 /* Preview Assets.xcassets */; };
		788D15382B1FA5E5008EE3E0 /* ItemModel.swift in Sources */ = {isa = PBXBuildFile; fileRef = 788D15372B1FA5E5008EE3E0 /* ItemModel.swift */; };
		78D3857F2BAC379E00624FDF /* WeatherSruct.swift in Sources */ = {isa = PBXBuildFile; fileRef = 78D3857E2BAC379E00624FDF /* WeatherSruct.swift */; };
		78D385CB2BAD86DF00624FDF /* LocationService.swift in Sources */ = {isa = PBXBuildFile; fileRef = 78D385CA2BAD86DF00624FDF /* LocationService.swift */; };
		78D385CE2BAD884A00624FDF /* settleUpLocation.swift in Sources */ = {isa = PBXBuildFile; fileRef = 78D385CD2BAD884A00624FDF /* settleUpLocation.swift */; };
		78D385D02BAD8A4300624FDF /* SearchPointView.swift in Sources */ = {isa = PBXBuildFile; fileRef = 78D385CF2BAD8A4300624FDF /* SearchPointView.swift */; };
		78D385D22BAD8C8B00624FDF /* MapSearchView.swift in Sources */ = {isa = PBXBuildFile; fileRef = 78D385D12BAD8C8B00624FDF /* MapSearchView.swift */; };
/* End PBXBuildFile section */

/* Begin PBXFileReference section */
		782359B12BA9A591003A9E5E /* ItemsContainer .swift */ = {isa = PBXFileReference; lastKnownFileType = sourcecode.swift; path = "ItemsContainer .swift"; sourceTree = "<group>"; };
		782359B72BA9A62D003A9E5E /* Default_Categories */ = {isa = PBXFileReference; explicitFileType = text.json; path = Default_Categories; sourceTree = "<group>"; };
		782359B92BA9A6D1003A9E5E /* DefaultsJSON.swift */ = {isa = PBXFileReference; lastKnownFileType = sourcecode.swift; path = DefaultsJSON.swift; sourceTree = "<group>"; };
		783BAD902BA8AF9E00A55CC8 /* NewAlarmView.swift */ = {isa = PBXFileReference; lastKnownFileType = sourcecode.swift; path = NewAlarmView.swift; sourceTree = "<group>"; };
		783BAD922BA8B59600A55CC8 /* SoundsView.swift */ = {isa = PBXFileReference; lastKnownFileType = sourcecode.swift; path = SoundsView.swift; sourceTree = "<group>"; };
		783BAD942BA8BC8000A55CC8 /* WeatherRow.swift */ = {isa = PBXFileReference; lastKnownFileType = sourcecode.swift; path = WeatherRow.swift; sourceTree = "<group>"; };
		785EE3512B9E23AE00C35D7E /* LocationModel.swift */ = {isa = PBXFileReference; lastKnownFileType = sourcecode.swift; path = LocationModel.swift; sourceTree = "<group>"; };
		785EE3532B9E2A3900C35D7E /* Location-App-Info.plist */ = {isa = PBXFileReference; lastKnownFileType = text.plist; path = "Location-App-Info.plist"; sourceTree = SOURCE_ROOT; };
		785EE3542B9E2FE500C35D7E /* Location.swift */ = {isa = PBXFileReference; lastKnownFileType = sourcecode.swift; path = Location.swift; sourceTree = "<group>"; };
		788D15242B15DF69008EE3E0 /* Location App.app */ = {isa = PBXFileReference; explicitFileType = wrapper.application; includeInIndex = 0; path = "Location App.app"; sourceTree = BUILT_PRODUCTS_DIR; };
		788D15272B15DF69008EE3E0 /* Location_AppApp.swift */ = {isa = PBXFileReference; lastKnownFileType = sourcecode.swift; path = Location_AppApp.swift; sourceTree = "<group>"; };
		788D15292B15DF69008EE3E0 /* ContentView.swift */ = {isa = PBXFileReference; lastKnownFileType = sourcecode.swift; path = ContentView.swift; sourceTree = "<group>"; };
		788D152B2B15DF6A008EE3E0 /* Assets.xcassets */ = {isa = PBXFileReference; lastKnownFileType = folder.assetcatalog; path = Assets.xcassets; sourceTree = "<group>"; };
		788D152D2B15DF6A008EE3E0 /* Location_App.entitlements */ = {isa = PBXFileReference; lastKnownFileType = text.plist.entitlements; path = Location_App.entitlements; sourceTree = "<group>"; };
		788D152F2B15DF6A008EE3E0 /* Preview Assets.xcassets */ = {isa = PBXFileReference; lastKnownFileType = folder.assetcatalog; path = "Preview Assets.xcassets"; sourceTree = "<group>"; };
		788D15372B1FA5E5008EE3E0 /* ItemModel.swift */ = {isa = PBXFileReference; lastKnownFileType = sourcecode.swift; path = ItemModel.swift; sourceTree = "<group>"; };
		78D3857E2BAC379E00624FDF /* WeatherSruct.swift */ = {isa = PBXFileReference; lastKnownFileType = sourcecode.swift; path = WeatherSruct.swift; sourceTree = "<group>"; };
		78D385CA2BAD86DF00624FDF /* LocationService.swift */ = {isa = PBXFileReference; lastKnownFileType = sourcecode.swift; path = LocationService.swift; sourceTree = "<group>"; };
		78D385CD2BAD884A00624FDF /* settleUpLocation.swift */ = {isa = PBXFileReference; lastKnownFileType = sourcecode.swift; path = settleUpLocation.swift; sourceTree = "<group>"; };
		78D385CF2BAD8A4300624FDF /* SearchPointView.swift */ = {isa = PBXFileReference; lastKnownFileType = sourcecode.swift; path = SearchPointView.swift; sourceTree = "<group>"; };
		78D385D12BAD8C8B00624FDF /* MapSearchView.swift */ = {isa = PBXFileReference; lastKnownFileType = sourcecode.swift; path = MapSearchView.swift; sourceTree = "<group>"; };
/* End PBXFileReference section */

/* Begin PBXFrameworksBuildPhase section */
		788D15212B15DF69008EE3E0 /* Frameworks */ = {
			isa = PBXFrameworksBuildPhase;
			buildActionMask = 2147483647;
			files = (
			);
			runOnlyForDeploymentPostprocessing = 0;
		};
/* End PBXFrameworksBuildPhase section */

/* Begin PBXGroup section */
		782359B42BA9A5EB003A9E5E /* Json */ = {
			isa = PBXGroup;
			children = (
				782359B92BA9A6D1003A9E5E /* DefaultsJSON.swift */,
			);
			path = Json;
			sourceTree = "<group>";
		};
		788D151B2B15DF69008EE3E0 = {
			isa = PBXGroup;
			children = (
				788D15262B15DF69008EE3E0 /* Location App */,
				788D15252B15DF69008EE3E0 /* Products */,
			);
			sourceTree = "<group>";
		};
		788D15252B15DF69008EE3E0 /* Products */ = {
			isa = PBXGroup;
			children = (
				788D15242B15DF69008EE3E0 /* Location App.app */,
			);
			name = Products;
			sourceTree = "<group>";
		};
		788D15262B15DF69008EE3E0 /* Location App */ = {
			isa = PBXGroup;
			children = (
				788D15272B15DF69008EE3E0 /* Location_AppApp.swift */,
				788D15292B15DF69008EE3E0 /* ContentView.swift */,
				783BAD902BA8AF9E00A55CC8 /* NewAlarmView.swift */,
				78D385CC2BAD87B800624FDF /* Location Type  */,
				785EE3542B9E2FE500C35D7E /* Location.swift */,
				783BAD942BA8BC8000A55CC8 /* WeatherRow.swift */,
				783BAD922BA8B59600A55CC8 /* SoundsView.swift */,
				788D15362B1FA5CF008EE3E0 /* Models */,
				788D152E2B15DF6A008EE3E0 /* Preview Content */,
				785EE3532B9E2A3900C35D7E /* Location-App-Info.plist */,
				788D152D2B15DF6A008EE3E0 /* Location_App.entitlements */,
				788D152B2B15DF6A008EE3E0 /* Assets.xcassets */,
			);
			path = "Location App";
			sourceTree = "<group>";
		};
		788D152E2B15DF6A008EE3E0 /* Preview Content */ = {
			isa = PBXGroup;
			children = (
				788D152F2B15DF6A008EE3E0 /* Preview Assets.xcassets */,
			);
			path = "Preview Content";
			sourceTree = "<group>";
		};
		788D15362B1FA5CF008EE3E0 /* Models */ = {
			isa = PBXGroup;
			children = (
				782359B72BA9A62D003A9E5E /* Default_Categories */,
				788D15372B1FA5E5008EE3E0 /* ItemModel.swift */,
				782359B12BA9A591003A9E5E /* ItemsContainer .swift */,
				78D385C92BAD869F00624FDF /* LocationFolder */,
				78D3857D2BAC376E00624FDF /* WeatherModel */,
				782359B42BA9A5EB003A9E5E /* Json */,
			);
			path = Models;
			sourceTree = "<group>";
		};
		78D3857D2BAC376E00624FDF /* WeatherModel */ = {
			isa = PBXGroup;
			children = (
				78D3857E2BAC379E00624FDF /* WeatherSruct.swift */,
			);
			path = WeatherModel;
			sourceTree = "<group>";
		};
		78D385C92BAD869F00624FDF /* LocationFolder */ = {
			isa = PBXGroup;
			children = (
				785EE3512B9E23AE00C35D7E /* LocationModel.swift */,
				78D385CA2BAD86DF00624FDF /* LocationService.swift */,
			);
			path = LocationFolder;
			sourceTree = "<group>";
		};
		78D385CC2BAD87B800624FDF /* Location Type  */ = {
			isa = PBXGroup;
			children = (
				78D385CD2BAD884A00624FDF /* settleUpLocation.swift */,
				78D385CF2BAD8A4300624FDF /* SearchPointView.swift */,
				78D385D12BAD8C8B00624FDF /* MapSearchView.swift */,
			);
			path = "Location Type ";
			sourceTree = "<group>";
		};
/* End PBXGroup section */

/* Begin PBXNativeTarget section */
		788D15232B15DF69008EE3E0 /* Location App */ = {
			isa = PBXNativeTarget;
			buildConfigurationList = 788D15332B15DF6A008EE3E0 /* Build configuration list for PBXNativeTarget "Location App" */;
			buildPhases = (
				788D15202B15DF69008EE3E0 /* Sources */,
				788D15212B15DF69008EE3E0 /* Frameworks */,
				788D15222B15DF69008EE3E0 /* Resources */,
			);
			buildRules = (
			);
			dependencies = (
			);
			name = "Location App";
			productName = "Location App";
			productReference = 788D15242B15DF69008EE3E0 /* Location App.app */;
			productType = "com.apple.product-type.application";
		};
/* End PBXNativeTarget section */

/* Begin PBXProject section */
		788D151C2B15DF69008EE3E0 /* Project object */ = {
			isa = PBXProject;
			attributes = {
				BuildIndependentTargetsInParallel = 1;
				LastSwiftUpdateCheck = 1500;
				LastUpgradeCheck = 1500;
				TargetAttributes = {
					788D15232B15DF69008EE3E0 = {
						CreatedOnToolsVersion = 15.0.1;
					};
				};
			};
			buildConfigurationList = 788D151F2B15DF69008EE3E0 /* Build configuration list for PBXProject "Location App" */;
			compatibilityVersion = "Xcode 14.0";
			developmentRegion = en;
			hasScannedForEncodings = 0;
			knownRegions = (
				en,
				Base,
			);
			mainGroup = 788D151B2B15DF69008EE3E0;
			productRefGroup = 788D15252B15DF69008EE3E0 /* Products */;
			projectDirPath = "";
			projectRoot = "";
			targets = (
				788D15232B15DF69008EE3E0 /* Location App */,
			);
		};
/* End PBXProject section */

/* Begin PBXResourcesBuildPhase section */
		788D15222B15DF69008EE3E0 /* Resources */ = {
			isa = PBXResourcesBuildPhase;
			buildActionMask = 2147483647;
			files = (
				788D15302B15DF6A008EE3E0 /* Preview Assets.xcassets in Resources */,
				788D152C2B15DF6A008EE3E0 /* Assets.xcassets in Resources */,
			);
			runOnlyForDeploymentPostprocessing = 0;
		};
/* End PBXResourcesBuildPhase section */

/* Begin PBXSourcesBuildPhase section */
		788D15202B15DF69008EE3E0 /* Sources */ = {
			isa = PBXSourcesBuildPhase;
			buildActionMask = 2147483647;
			files = (
				782359BA2BA9A6D1003A9E5E /* DefaultsJSON.swift in Sources */,
				785EE3522B9E23AE00C35D7E /* LocationModel.swift in Sources */,
				78D385D02BAD8A4300624FDF /* SearchPointView.swift in Sources */,
				783BAD932BA8B59600A55CC8 /* SoundsView.swift in Sources */,
				782359B82BA9A62D003A9E5E /* Default_Categories in Sources */,
				782359B22BA9A591003A9E5E /* ItemsContainer .swift in Sources */,
				788D15382B1FA5E5008EE3E0 /* ItemModel.swift in Sources */,
				78D3857F2BAC379E00624FDF /* WeatherSruct.swift in Sources */,
				785EE3552B9E2FE500C35D7E /* Location.swift in Sources */,
				78D385CE2BAD884A00624FDF /* settleUpLocation.swift in Sources */,
				788D152A2B15DF69008EE3E0 /* ContentView.swift in Sources */,
				78D385CB2BAD86DF00624FDF /* LocationService.swift in Sources */,
				788D15282B15DF69008EE3E0 /* Location_AppApp.swift in Sources */,
				78D385D22BAD8C8B00624FDF /* MapSearchView.swift in Sources */,
				783BAD912BA8AF9E00A55CC8 /* NewAlarmView.swift in Sources */,
				783BAD952BA8BC8000A55CC8 /* WeatherRow.swift in Sources */,
			);
			runOnlyForDeploymentPostprocessing = 0;
		};
/* End PBXSourcesBuildPhase section */

/* Begin XCBuildConfiguration section */
		788D15312B15DF6A008EE3E0 /* Debug */ = {
			isa = XCBuildConfiguration;
			buildSettings = {
				ALWAYS_SEARCH_USER_PATHS = NO;
				ASSETCATALOG_COMPILER_GENERATE_SWIFT_ASSET_SYMBOL_EXTENSIONS = YES;
				CLANG_ANALYZER_NONNULL = YES;
				CLANG_ANALYZER_NUMBER_OBJECT_CONVERSION = YES_AGGRESSIVE;
				CLANG_CXX_LANGUAGE_STANDARD = "gnu++20";
				CLANG_ENABLE_MODULES = YES;
				CLANG_ENABLE_OBJC_ARC = YES;
				CLANG_ENABLE_OBJC_WEAK = YES;
				CLANG_WARN_BLOCK_CAPTURE_AUTORELEASING = YES;
				CLANG_WARN_BOOL_CONVERSION = YES;
				CLANG_WARN_COMMA = YES;
				CLANG_WARN_CONSTANT_CONVERSION = YES;
				CLANG_WARN_DEPRECATED_OBJC_IMPLEMENTATIONS = YES;
				CLANG_WARN_DIRECT_OBJC_ISA_USAGE = YES_ERROR;
				CLANG_WARN_DOCUMENTATION_COMMENTS = YES;
				CLANG_WARN_EMPTY_BODY = YES;
				CLANG_WARN_ENUM_CONVERSION = YES;
				CLANG_WARN_INFINITE_RECURSION = YES;
				CLANG_WARN_INT_CONVERSION = YES;
				CLANG_WARN_NON_LITERAL_NULL_CONVERSION = YES;
				CLANG_WARN_OBJC_IMPLICIT_RETAIN_SELF = YES;
				CLANG_WARN_OBJC_LITERAL_CONVERSION = YES;
				CLANG_WARN_OBJC_ROOT_CLASS = YES_ERROR;
				CLANG_WARN_QUOTED_INCLUDE_IN_FRAMEWORK_HEADER = YES;
				CLANG_WARN_RANGE_LOOP_ANALYSIS = YES;
				CLANG_WARN_STRICT_PROTOTYPES = YES;
				CLANG_WARN_SUSPICIOUS_MOVE = YES;
				CLANG_WARN_UNGUARDED_AVAILABILITY = YES_AGGRESSIVE;
				CLANG_WARN_UNREACHABLE_CODE = YES;
				CLANG_WARN__DUPLICATE_METHOD_MATCH = YES;
				COPY_PHASE_STRIP = NO;
				DEBUG_INFORMATION_FORMAT = dwarf;
				ENABLE_STRICT_OBJC_MSGSEND = YES;
				ENABLE_TESTABILITY = YES;
				ENABLE_USER_SCRIPT_SANDBOXING = YES;
				GCC_C_LANGUAGE_STANDARD = gnu17;
				GCC_DYNAMIC_NO_PIC = NO;
				GCC_NO_COMMON_BLOCKS = YES;
				GCC_OPTIMIZATION_LEVEL = 0;
				GCC_PREPROCESSOR_DEFINITIONS = (
					"DEBUG=1",
					"$(inherited)",
				);
				GCC_WARN_64_TO_32_BIT_CONVERSION = YES;
				GCC_WARN_ABOUT_RETURN_TYPE = YES_ERROR;
				GCC_WARN_UNDECLARED_SELECTOR = YES;
				GCC_WARN_UNINITIALIZED_AUTOS = YES_AGGRESSIVE;
				GCC_WARN_UNUSED_FUNCTION = YES;
				GCC_WARN_UNUSED_VARIABLE = YES;
				LOCALIZATION_PREFERS_STRING_CATALOGS = YES;
				MTL_ENABLE_DEBUG_INFO = INCLUDE_SOURCE;
				MTL_FAST_MATH = YES;
				ONLY_ACTIVE_ARCH = YES;
				SWIFT_ACTIVE_COMPILATION_CONDITIONS = "DEBUG $(inherited)";
				SWIFT_OPTIMIZATION_LEVEL = "-Onone";
			};
			name = Debug;
		};
		788D15322B15DF6A008EE3E0 /* Release */ = {
			isa = XCBuildConfiguration;
			buildSettings = {
				ALWAYS_SEARCH_USER_PATHS = NO;
				ASSETCATALOG_COMPILER_GENERATE_SWIFT_ASSET_SYMBOL_EXTENSIONS = YES;
				CLANG_ANALYZER_NONNULL = YES;
				CLANG_ANALYZER_NUMBER_OBJECT_CONVERSION = YES_AGGRESSIVE;
				CLANG_CXX_LANGUAGE_STANDARD = "gnu++20";
				CLANG_ENABLE_MODULES = YES;
				CLANG_ENABLE_OBJC_ARC = YES;
				CLANG_ENABLE_OBJC_WEAK = YES;
				CLANG_WARN_BLOCK_CAPTURE_AUTORELEASING = YES;
				CLANG_WARN_BOOL_CONVERSION = YES;
				CLANG_WARN_COMMA = YES;
				CLANG_WARN_CONSTANT_CONVERSION = YES;
				CLANG_WARN_DEPRECATED_OBJC_IMPLEMENTATIONS = YES;
				CLANG_WARN_DIRECT_OBJC_ISA_USAGE = YES_ERROR;
				CLANG_WARN_DOCUMENTATION_COMMENTS = YES;
				CLANG_WARN_EMPTY_BODY = YES;
				CLANG_WARN_ENUM_CONVERSION = YES;
				CLANG_WARN_INFINITE_RECURSION = YES;
				CLANG_WARN_INT_CONVERSION = YES;
				CLANG_WARN_NON_LITERAL_NULL_CONVERSION = YES;
				CLANG_WARN_OBJC_IMPLICIT_RETAIN_SELF = YES;
				CLANG_WARN_OBJC_LITERAL_CONVERSION = YES;
				CLANG_WARN_OBJC_ROOT_CLASS = YES_ERROR;
				CLANG_WARN_QUOTED_INCLUDE_IN_FRAMEWORK_HEADER = YES;
				CLANG_WARN_RANGE_LOOP_ANALYSIS = YES;
				CLANG_WARN_STRICT_PROTOTYPES = YES;
				CLANG_WARN_SUSPICIOUS_MOVE = YES;
				CLANG_WARN_UNGUARDED_AVAILABILITY = YES_AGGRESSIVE;
				CLANG_WARN_UNREACHABLE_CODE = YES;
				CLANG_WARN__DUPLICATE_METHOD_MATCH = YES;
				COPY_PHASE_STRIP = NO;
				DEBUG_INFORMATION_FORMAT = "dwarf-with-dsym";
				ENABLE_NS_ASSERTIONS = NO;
				ENABLE_STRICT_OBJC_MSGSEND = YES;
				ENABLE_USER_SCRIPT_SANDBOXING = YES;
				GCC_C_LANGUAGE_STANDARD = gnu17;
				GCC_NO_COMMON_BLOCKS = YES;
				GCC_WARN_64_TO_32_BIT_CONVERSION = YES;
				GCC_WARN_ABOUT_RETURN_TYPE = YES_ERROR;
				GCC_WARN_UNDECLARED_SELECTOR = YES;
				GCC_WARN_UNINITIALIZED_AUTOS = YES_AGGRESSIVE;
				GCC_WARN_UNUSED_FUNCTION = YES;
				GCC_WARN_UNUSED_VARIABLE = YES;
				LOCALIZATION_PREFERS_STRING_CATALOGS = YES;
				MTL_ENABLE_DEBUG_INFO = NO;
				MTL_FAST_MATH = YES;
				SWIFT_COMPILATION_MODE = wholemodule;
			};
			name = Release;
		};
		788D15342B15DF6A008EE3E0 /* Debug */ = {
			isa = XCBuildConfiguration;
			buildSettings = {
				ASSETCATALOG_COMPILER_APPICON_NAME = AppIcon;
				ASSETCATALOG_COMPILER_GLOBAL_ACCENT_COLOR_NAME = AccentColor;
				CODE_SIGN_ENTITLEMENTS = "Location App/Location_App.entitlements";
				CODE_SIGN_STYLE = Automatic;
				CURRENT_PROJECT_VERSION = 1;
				DEVELOPMENT_ASSET_PATHS = "\"Location App/Preview Content\"";
				DEVELOPMENT_TEAM = SFL626YUT9;
				ENABLE_HARDENED_RUNTIME = YES;
				ENABLE_PREVIEWS = YES;
				GENERATE_INFOPLIST_FILE = YES;
				INFOPLIST_FILE = "Location-App-Info.plist";
				INFOPLIST_KEY_LSApplicationCategoryType = "";
				INFOPLIST_KEY_NSLocationWhenInUseUsageDescription = "";
				"INFOPLIST_KEY_UIApplicationSceneManifest_Generation[sdk=iphoneos*]" = YES;
				"INFOPLIST_KEY_UIApplicationSceneManifest_Generation[sdk=iphonesimulator*]" = YES;
				"INFOPLIST_KEY_UIApplicationSupportsIndirectInputEvents[sdk=iphoneos*]" = YES;
				"INFOPLIST_KEY_UIApplicationSupportsIndirectInputEvents[sdk=iphonesimulator*]" = YES;
				"INFOPLIST_KEY_UILaunchScreen_Generation[sdk=iphoneos*]" = YES;
				"INFOPLIST_KEY_UILaunchScreen_Generation[sdk=iphonesimulator*]" = YES;
				"INFOPLIST_KEY_UIStatusBarStyle[sdk=iphoneos*]" = UIStatusBarStyleDefault;
				"INFOPLIST_KEY_UIStatusBarStyle[sdk=iphonesimulator*]" = UIStatusBarStyleDefault;
				INFOPLIST_KEY_UISupportedInterfaceOrientations_iPad = "UIInterfaceOrientationPortrait UIInterfaceOrientationPortraitUpsideDown UIInterfaceOrientationLandscapeLeft UIInterfaceOrientationLandscapeRight";
				INFOPLIST_KEY_UISupportedInterfaceOrientations_iPhone = "UIInterfaceOrientationPortrait UIInterfaceOrientationLandscapeLeft UIInterfaceOrientationLandscapeRight";
				IPHONEOS_DEPLOYMENT_TARGET = 17.0;
				LD_RUNPATH_SEARCH_PATHS = "@executable_path/Frameworks";
				"LD_RUNPATH_SEARCH_PATHS[sdk=macosx*]" = "@executable_path/../Frameworks";
				MACOSX_DEPLOYMENT_TARGET = 14.0;
				MARKETING_VERSION = 1.0;
				PRODUCT_BUNDLE_IDENTIFIER = atziripineda.deforestacion;
				PRODUCT_NAME = "$(TARGET_NAME)";
				SDKROOT = auto;
				SUPPORTED_PLATFORMS = "iphoneos iphonesimulator macosx";
				SWIFT_EMIT_LOC_STRINGS = YES;
				SWIFT_VERSION = 5.0;
				TARGETED_DEVICE_FAMILY = "1,2";
			};
			name = Debug;
		};
		788D15352B15DF6A008EE3E0 /* Release */ = {
			isa = XCBuildConfiguration;
			buildSettings = {
				ASSETCATALOG_COMPILER_APPICON_NAME = AppIcon;
				ASSETCATALOG_COMPILER_GLOBAL_ACCENT_COLOR_NAME = AccentColor;
				CODE_SIGN_ENTITLEMENTS = "Location App/Location_App.entitlements";
				CODE_SIGN_STYLE = Automatic;
				CURRENT_PROJECT_VERSION = 1;
				DEVELOPMENT_ASSET_PATHS = "\"Location App/Preview Content\"";
				DEVELOPMENT_TEAM = SFL626YUT9;
				ENABLE_HARDENED_RUNTIME = YES;
				ENABLE_PREVIEWS = YES;
				GENERATE_INFOPLIST_FILE = YES;
				INFOPLIST_FILE = "Location-App-Info.plist";
				INFOPLIST_KEY_LSApplicationCategoryType = "";
				INFOPLIST_KEY_NSLocationWhenInUseUsageDescription = "";
				"INFOPLIST_KEY_UIApplicationSceneManifest_Generation[sdk=iphoneos*]" = YES;
				"INFOPLIST_KEY_UIApplicationSceneManifest_Generation[sdk=iphonesimulator*]" = YES;
				"INFOPLIST_KEY_UIApplicationSupportsIndirectInputEvents[sdk=iphoneos*]" = YES;
				"INFOPLIST_KEY_UIApplicationSupportsIndirectInputEvents[sdk=iphonesimulator*]" = YES;
				"INFOPLIST_KEY_UILaunchScreen_Generation[sdk=iphoneos*]" = YES;
				"INFOPLIST_KEY_UILaunchScreen_Generation[sdk=iphonesimulator*]" = YES;
				"INFOPLIST_KEY_UIStatusBarStyle[sdk=iphoneos*]" = UIStatusBarStyleDefault;
				"INFOPLIST_KEY_UIStatusBarStyle[sdk=iphonesimulator*]" = UIStatusBarStyleDefault;
				INFOPLIST_KEY_UISupportedInterfaceOrientations_iPad = "UIInterfaceOrientationPortrait UIInterfaceOrientationPortraitUpsideDown UIInterfaceOrientationLandscapeLeft UIInterfaceOrientationLandscapeRight";
				INFOPLIST_KEY_UISupportedInterfaceOrientations_iPhone = "UIInterfaceOrientationPortrait UIInterfaceOrientationLandscapeLeft UIInterfaceOrientationLandscapeRight";
				IPHONEOS_DEPLOYMENT_TARGET = 17.0;
				LD_RUNPATH_SEARCH_PATHS = "@executable_path/Frameworks";
				"LD_RUNPATH_SEARCH_PATHS[sdk=macosx*]" = "@executable_path/../Frameworks";
				MACOSX_DEPLOYMENT_TARGET = 14.0;
				MARKETING_VERSION = 1.0;
				PRODUCT_BUNDLE_IDENTIFIER = atziripineda.deforestacion;
				PRODUCT_NAME = "$(TARGET_NAME)";
				SDKROOT = auto;
				SUPPORTED_PLATFORMS = "iphoneos iphonesimulator macosx";
				SWIFT_EMIT_LOC_STRINGS = YES;
				SWIFT_VERSION = 5.0;
				TARGETED_DEVICE_FAMILY = "1,2";
			};
			name = Release;
		};
/* End XCBuildConfiguration section */

/* Begin XCConfigurationList section */
		788D151F2B15DF69008EE3E0 /* Build configuration list for PBXProject "Location App" */ = {
			isa = XCConfigurationList;
			buildConfigurations = (
				788D15312B15DF6A008EE3E0 /* Debug */,
				788D15322B15DF6A008EE3E0 /* Release */,
			);
			defaultConfigurationIsVisible = 0;
			defaultConfigurationName = Release;
		};
		788D15332B15DF6A008EE3E0 /* Build configuration list for PBXNativeTarget "Location App" */ = {
			isa = XCConfigurationList;
			buildConfigurations = (
				788D15342B15DF6A008EE3E0 /* Debug */,
				788D15352B15DF6A008EE3E0 /* Release */,
			);
			defaultConfigurationIsVisible = 0;
			defaultConfigurationName = Release;
		};
/* End XCConfigurationList section */
	};
	rootObject = 788D151C2B15DF69008EE3E0 /* Project object */;
}
